// !$*UTF8*$!
{
	archiveVersion = 1;
	classes = {
	};
	objectVersion = 46;
	objects = {

/* Begin PBXBuildFile section */
		8D647F481B01DA22009F7B7E /* main.m in Sources */ = {isa = PBXBuildFile; fileRef = 8D647F471B01DA22009F7B7E /* main.m */; };
		8D647F4B1B01DA22009F7B7E /* AppDelegate.m in Sources */ = {isa = PBXBuildFile; fileRef = 8D647F4A1B01DA22009F7B7E /* AppDelegate.m */; };
		8D647F4E1B01DA22009F7B7E /* ViewController.m in Sources */ = {isa = PBXBuildFile; fileRef = 8D647F4D1B01DA22009F7B7E /* ViewController.m */; };
		8D647F511B01DA22009F7B7E /* Main.storyboard in Resources */ = {isa = PBXBuildFile; fileRef = 8D647F4F1B01DA22009F7B7E /* Main.storyboard */; };
		8D647F531B01DA22009F7B7E /* Images.xcassets in Resources */ = {isa = PBXBuildFile; fileRef = 8D647F521B01DA22009F7B7E /* Images.xcassets */; };
		8D647F561B01DA22009F7B7E /* LaunchScreen.xib in Resources */ = {isa = PBXBuildFile; fileRef = 8D647F541B01DA22009F7B7E /* LaunchScreen.xib */; };
		8D647F621B01DA22009F7B7E /* TestUI2Tests.m in Sources */ = {isa = PBXBuildFile; fileRef = 8D647F611B01DA22009F7B7E /* TestUI2Tests.m */; };
		8D647F6D1B01DD15009F7B7E /* ViewControllerB.m in Sources */ = {isa = PBXBuildFile; fileRef = 8D647F6C1B01DD15009F7B7E /* ViewControllerB.m */; };
/* End PBXBuildFile section */

/* Begin PBXContainerItemProxy section */
		8D647F5C1B01DA22009F7B7E /* PBXContainerItemProxy */ = {
			isa = PBXContainerItemProxy;
			containerPortal = 8D647F3A1B01DA22009F7B7E /* Project object */;
			proxyType = 1;
			remoteGlobalIDString = 8D647F411B01DA22009F7B7E;
			remoteInfo = TestUI2;
		};
/* End PBXContainerItemProxy section */

/* Begin PBXFileReference section */
		8D647F421B01DA22009F7B7E /* TestUI2.app */ = {isa = PBXFileReference; explicitFileType = wrapper.application; includeInIndex = 0; path = TestUI2.app; sourceTree = BUILT_PRODUCTS_DIR; };
		8D647F461B01DA22009F7B7E /* Info.plist */ = {isa = PBXFileReference; lastKnownFileType = text.plist.xml; path = Info.plist; sourceTree = "<group>"; };
		8D647F471B01DA22009F7B7E /* main.m */ = {isa = PBXFileReference; lastKnownFileType = sourcecode.c.objc; path = main.m; sourceTree = "<group>"; };
		8D647F491B01DA22009F7B7E /* AppDelegate.h */ = {isa = PBXFileReference; lastKnownFileType = sourcecode.c.h; path = AppDelegate.h; sourceTree = "<group>"; };
		8D647F4A1B01DA22009F7B7E /* AppDelegate.m */ = {isa = PBXFileReference; lastKnownFileType = sourcecode.c.objc; path = AppDelegate.m; sourceTree = "<group>"; };
		8D647F4C1B01DA22009F7B7E /* ViewController.h */ = {isa = PBXFileReference; lastKnownFileType = sourcecode.c.h; path = ViewController.h; sourceTree = "<group>"; };
		8D647F4D1B01DA22009F7B7E /* ViewController.m */ = {isa = PBXFileReference; lastKnownFileType = sourcecode.c.objc; path = ViewController.m; sourceTree = "<group>"; };
		8D647F501B01DA22009F7B7E /* Base */ = {isa = PBXFileReference; lastKnownFileType = file.storyboard; name = Base; path = Base.lproj/Main.storyboard; sourceTree = "<group>"; };
		8D647F521B01DA22009F7B7E /* Images.xcassets */ = {isa = PBXFileReference; lastKnownFileType = folder.assetcatalog; path = Images.xcassets; sourceTree = "<group>"; };
		8D647F551B01DA22009F7B7E /* Base */ = {isa = PBXFileReference; lastKnownFileType = file.xib; name = Base; path = Base.lproj/LaunchScreen.xib; sourceTree = "<group>"; };
		8D647F5B1B01DA22009F7B7E /* TestUI2Tests.xctest */ = {isa = PBXFileReference; explicitFileType = wrapper.cfbundle; includeInIndex = 0; path = TestUI2Tests.xctest; sourceTree = BUILT_PRODUCTS_DIR; };
		8D647F601B01DA22009F7B7E /* Info.plist */ = {isa = PBXFileReference; lastKnownFileType = text.plist.xml; path = Info.plist; sourceTree = "<group>"; };
		8D647F611B01DA22009F7B7E /* TestUI2Tests.m */ = {isa = PBXFileReference; lastKnownFileType = sourcecode.c.objc; path = TestUI2Tests.m; sourceTree = "<group>"; };
		8D647F6B1B01DD15009F7B7E /* ViewControllerB.h */ = {isa = PBXFileReference; fileEncoding = 4; lastKnownFileType = sourcecode.c.h; path = ViewControllerB.h; sourceTree = "<group>"; };
		8D647F6C1B01DD15009F7B7E /* ViewControllerB.m */ = {isa = PBXFileReference; fileEncoding = 4; lastKnownFileType = sourcecode.c.objc; path = ViewControllerB.m; sourceTree = "<group>"; };
/* End PBXFileReference section */

/* Begin PBXFrameworksBuildPhase section */
		8D647F3F1B01DA22009F7B7E /* Frameworks */ = {
			isa = PBXFrameworksBuildPhase;
			buildActionMask = 2147483647;
			files = (
			);
			runOnlyForDeploymentPostprocessing = 0;
		};
		8D647F581B01DA22009F7B7E /* Frameworks */ = {
			isa = PBXFrameworksBuildPhase;
			buildActionMask = 2147483647;
			files = (
			);
			runOnlyForDeploymentPostprocessing = 0;
		};
/* End PBXFrameworksBuildPhase section */

/* Begin PBXGroup section */
		8D647F391B01DA22009F7B7E = {
			isa = PBXGroup;
			children = (
				8D647F441B01DA22009F7B7E /* TestUI2 */,
				8D647F5E1B01DA22009F7B7E /* TestUI2Tests */,
				8D647F431B01DA22009F7B7E /* Products */,
			);
			sourceTree = "<group>";
		};
		8D647F431B01DA22009F7B7E /* Products */ = {
			isa = PBXGroup;
			children = (
				8D647F421B01DA22009F7B7E /* TestUI2.app */,
				8D647F5B1B01DA22009F7B7E /* TestUI2Tests.xctest */,
			);
			name = Products;
			sourceTree = "<group>";
		};
		8D647F441B01DA22009F7B7E /* TestUI2 */ = {
			isa = PBXGroup;
			children = (
				8D647F6B1B01DD15009F7B7E /* ViewControllerB.h */,
				8D647F6C1B01DD15009F7B7E /* ViewControllerB.m */,
				8D647F491B01DA22009F7B7E /* AppDelegate.h */,
				8D647F4A1B01DA22009F7B7E /* AppDelegate.m */,
				8D647F4C1B01DA22009F7B7E /* ViewController.h */,
				8D647F4D1B01DA22009F7B7E /* ViewController.m */,
				8D647F4F1B01DA22009F7B7E /* Main.storyboard */,
				8D647F521B01DA22009F7B7E /* Images.xcassets */,
				8D647F541B01DA22009F7B7E /* LaunchScreen.xib */,
				8D647F451B01DA22009F7B7E /* Supporting Files */,
			);
			path = TestUI2;
			sourceTree = "<group>";
		};
		8D647F451B01DA22009F7B7E /* Supporting Files */ = {
			isa = PBXGroup;
			children = (
				8D647F461B01DA22009F7B7E /* Info.plist */,
				8D647F471B01DA22009F7B7E /* main.m */,
			);
			name = "Supporting Files";
			sourceTree = "<group>";
		};
		8D647F5E1B01DA22009F7B7E /* TestUI2Tests */ = {
			isa = PBXGroup;
			children = (
				8D647F611B01DA22009F7B7E /* TestUI2Tests.m */,
				8D647F5F1B01DA22009F7B7E /* Supporting Files */,
			);
			path = TestUI2Tests;
			sourceTree = "<group>";
		};
		8D647F5F1B01DA22009F7B7E /* Supporting Files */ = {
			isa = PBXGroup;
			children = (
				8D647F601B01DA22009F7B7E /* Info.plist */,
			);
			name = "Supporting Files";
			sourceTree = "<group>";
		};
/* End PBXGroup section */

/* Begin PBXNativeTarget section */
		8D647F411B01DA22009F7B7E /* TestUI2 */ = {
			isa = PBXNativeTarget;
			buildConfigurationList = 8D647F651B01DA22009F7B7E /* Build configuration list for PBXNativeTarget "TestUI2" */;
			buildPhases = (
				8D647F3E1B01DA22009F7B7E /* Sources */,
				8D647F3F1B01DA22009F7B7E /* Frameworks */,
				8D647F401B01DA22009F7B7E /* Resources */,
			);
			buildRules = (
			);
			dependencies = (
			);
			name = TestUI2;
			productName = TestUI2;
			productReference = 8D647F421B01DA22009F7B7E /* TestUI2.app */;
			productType = "com.apple.product-type.application";
		};
		8D647F5A1B01DA22009F7B7E /* TestUI2Tests */ = {
			isa = PBXNativeTarget;
			buildConfigurationList = 8D647F681B01DA22009F7B7E /* Build configuration list for PBXNativeTarget "TestUI2Tests" */;
			buildPhases = (
				8D647F571B01DA22009F7B7E /* Sources */,
				8D647F581B01DA22009F7B7E /* Frameworks */,
				8D647F591B01DA22009F7B7E /* Resources */,
			);
			buildRules = (
			);
			dependencies = (
				8D647F5D1B01DA22009F7B7E /* PBXTargetDependency */,
			);
			name = TestUI2Tests;
			productName = TestUI2Tests;
			productReference = 8D647F5B1B01DA22009F7B7E /* TestUI2Tests.xctest */;
			productType = "com.apple.product-type.bundle.unit-test";
		};
/* End PBXNativeTarget section */

/* Begin PBXProject section */
		8D647F3A1B01DA22009F7B7E /* Project object */ = {
			isa = PBXProject;
			attributes = {
				LastUpgradeCheck = 0630;
				ORGANIZATIONNAME = Lioncraft;
				TargetAttributes = {
					8D647F411B01DA22009F7B7E = {
						CreatedOnToolsVersion = 6.3.1;
					};
					8D647F5A1B01DA22009F7B7E = {
						CreatedOnToolsVersion = 6.3.1;
						TestTargetID = 8D647F411B01DA22009F7B7E;
					};
				};
			};
			buildConfigurationList = 8D647F3D1B01DA22009F7B7E /* Build configuration list for PBXProject "TestUI2" */;
			compatibilityVersion = "Xcode 3.2";
			developmentRegion = English;
			hasScannedForEncodings = 0;
			knownRegions = (
				en,
				Base,
			);
			mainGroup = 8D647F391B01DA22009F7B7E;
			productRefGroup = 8D647F431B01DA22009F7B7E /* Products */;
			projectDirPath = "";
			projectRoot = "";
			targets = (
				8D647F411B01DA22009F7B7E /* TestUI2 */,
				8D647F5A1B01DA22009F7B7E /* TestUI2Tests */,
			);
		};
/* End PBXProject section */

/* Begin PBXResourcesBuildPhase section */
		8D647F401B01DA22009F7B7E /* Resources */ = {
			isa = PBXResourcesBuildPhase;
			buildActionMask = 2147483647;
			files = (
				8D647F511B01DA22009F7B7E /* Main.storyboard in Resources */,
				8D647F561B01DA22009F7B7E /* LaunchScreen.xib in Resources */,
				8D647F531B01DA22009F7B7E /* Images.xcassets in Resources */,
			);
			runOnlyForDeploymentPostprocessing = 0;
		};
		8D647F591B01DA22009F7B7E /* Resources */ = {
			isa = PBXResourcesBuildPhase;
			buildActionMask = 2147483647;
			files = (
			);
			runOnlyForDeploymentPostprocessing = 0;
		};
/* End PBXResourcesBuildPhase section */

/* Begin PBXSourcesBuildPhase section */
		8D647F3E1B01DA22009F7B7E /* Sources */ = {
			isa = PBXSourcesBuildPhase;
			buildActionMask = 2147483647;
			files = (
				8D647F4E1B01DA22009F7B7E /* ViewController.m in Sources */,
				8D647F6D1B01DD15009F7B7E /* ViewControllerB.m in Sources */,
				8D647F4B1B01DA22009F7B7E /* AppDelegate.m in Sources */,
				8D647F481B01DA22009F7B7E /* main.m in Sources */,
			);
			runOnlyForDeploymentPostprocessing = 0;
		};
		8D647F571B01DA22009F7B7E /* Sources */ = {
			isa = PBXSourcesBuildPhase;
			buildActionMask = 2147483647;
			files = (
				8D647F621B01DA22009F7B7E /* TestUI2Tests.m in Sources */,
			);
			runOnlyForDeploymentPostprocessing = 0;
		};
/* End PBXSourcesBuildPhase section */

/* Begin PBXTargetDependency section */
		8D647F5D1B01DA22009F7B7E /* PBXTargetDependency */ = {
			isa = PBXTargetDependency;
			target = 8D647F411B01DA22009F7B7E /* TestUI2 */;
			targetProxy = 8D647F5C1B01DA22009F7B7E /* PBXContainerItemProxy */;
		};
/* End PBXTargetDependency section */

/* Begin PBXVariantGroup section */
		8D647F4F1B01DA22009F7B7E /* Main.storyboard */ = {
			isa = PBXVariantGroup;
			children = (
				8D647F501B01DA22009F7B7E /* Base */,
			);
			name = Main.storyboard;
			sourceTree = "<group>";
		};
		8D647F541B01DA22009F7B7E /* LaunchScreen.xib */ = {
			isa = PBXVariantGroup;
			children = (
				8D647F551B01DA22009F7B7E /* Base */,
			);
			name = LaunchScreen.xib;
			sourceTree = "<group>";
		};
/* End PBXVariantGroup section */

/* Begin XCBuildConfiguration section */
		8D647F631B01DA22009F7B7E /* Debug */ = {
			isa = XCBuildConfiguration;
			buildSettings = {
				ALWAYS_SEARCH_USER_PATHS = NO;
				CLANG_CXX_LANGUAGE_STANDARD = "gnu++0x";
				CLANG_CXX_LIBRARY = "libc++";
				CLANG_ENABLE_MODULES = YES;
				CLANG_ENABLE_OBJC_ARC = YES;
				CLANG_WARN_BOOL_CONVERSION = YES;
				CLANG_WARN_CONSTANT_CONVERSION = YES;
				CLANG_WARN_DIRECT_OBJC_ISA_USAGE = YES_ERROR;
				CLANG_WARN_EMPTY_BODY = YES;
				CLANG_WARN_ENUM_CONVERSION = YES;
				CLANG_WARN_INT_CONVERSION = YES;
				CLANG_WARN_OBJC_ROOT_CLASS = YES_ERROR;
				CLANG_WARN_UNREACHABLE_CODE = YES;
				CLANG_WARN__DUPLICATE_METHOD_MATCH = YES;
				"CODE_SIGN_IDENTITY[sdk=iphoneos*]" = "iPhone Developer";
				COPY_PHASE_STRIP = NO;
				DEBUG_INFORMATION_FORMAT = "dwarf-with-dsym";
				ENABLE_STRICT_OBJC_MSGSEND = YES;
				GCC_C_LANGUAGE_STANDARD = gnu99;
				GCC_DYNAMIC_NO_PIC = NO;
				GCC_NO_COMMON_BLOCKS = YES;
				GCC_OPTIMIZATION_LEVEL = 0;
				GCC_PREPROCESSOR_DEFINITIONS = (
					"DEBUG=1",
					"$(inherited)",
				);
				GCC_SYMBOLS_PRIVATE_EXTERN = NO;
				GCC_WARN_64_TO_32_BIT_CONVERSION = YES;
				GCC_WARN_ABOUT_RETURN_TYPE = YES_ERROR;
				GCC_WARN_UNDECLARED_SELECTOR = YES;
				GCC_WARN_UNINITIALIZED_AUTOS = YES_AGGRESSIVE;
				GCC_WARN_UNUSED_FUNCTION = YES;
				GCC_WARN_UNUSED_VARIABLE = YES;
				IPHONEOS_DEPLOYMENT_TARGET = 8.3;
				MTL_ENABLE_DEBUG_INFO = YES;
				ONLY_ACTIVE_ARCH = YES;
				SDKROOT = iphoneos;
			};
			name = Debug;
		};
		8D647F641B01DA22009F7B7E /* Release */ = {
			isa = XCBuildConfiguration;
			buildSettings = {
				ALWAYS_SEARCH_USER_PATHS = NO;
				CLANG_CXX_LANGUAGE_STANDARD = "gnu++0x";
				CLANG_CXX_LIBRARY = "libc++";
				CLANG_ENABLE_MODULES = YES;
				CLANG_ENABLE_OBJC_ARC = YES;
				CLANG_WARN_BOOL_CONVERSION = YES;
				CLANG_WARN_CONSTANT_CONVERSION = YES;
				CLANG_WARN_DIRECT_OBJC_ISA_USAGE = YES_ERROR;
				CLANG_WARN_EMPTY_BODY = YES;
				CLANG_WARN_ENUM_CONVERSION = YES;
				CLANG_WARN_INT_CONVERSION = YES;
				CLANG_WARN_OBJC_ROOT_CLASS = YES_ERROR;
				CLANG_WARN_UNREACHABLE_CODE = YES;
				CLANG_WARN__DUPLICATE_METHOD_MATCH = YES;
				"CODE_SIGN_IDENTITY[sdk=iphoneos*]" = "iPhone Developer";
				COPY_PHASE_STRIP = NO;
				DEBUG_INFORMATION_FORMAT = "dwarf-with-dsym";
				ENABLE_NS_ASSERTIONS = NO;
				ENABLE_STRICT_OBJC_MSGSEND = YES;
				GCC_C_LANGUAGE_STANDARD = gnu99;
				GCC_NO_COMMON_BLOCKS = YES;
				GCC_WARN_64_TO_32_BIT_CONVERSION = YES;
				GCC_WARN_ABOUT_RETURN_TYPE = YES_ERROR;
				GCC_WARN_UNDECLARED_SELECTOR = YES;
				GCC_WARN_UNINITIALIZED_AUTOS = YES_AGGRESSIVE;
				GCC_WARN_UNUSED_FUNCTION = YES;
				GCC_WARN_UNUSED_VARIABLE = YES;
				IPHONEOS_DEPLOYMENT_TARGET = 8.3;
				MTL_ENABLE_DEBUG_INFO = NO;
				SDKROOT = iphoneos;
				VALIDATE_PRODUCT = YES;
			};
			name = Release;
		};
		8D647F661B01DA22009F7B7E /* Debug */ = {
			isa = XCBuildConfiguration;
			buildSettings = {
				ASSETCATALOG_COMPILER_APPICON_NAME = AppIcon;
				INFOPLIST_FILE = TestUI2/Info.plist;
				LD_RUNPATH_SEARCH_PATHS = "$(inherited) @executable_path/Frameworks";
				PRODUCT_NAME = "$(TARGET_NAME)";
			};
			name = Debug;
		};
		8D647F671B01DA22009F7B7E /* Release */ = {
			isa = XCBuildConfiguration;
			buildSettings = {
				ASSETCATALOG_COMPILER_APPICON_NAME = AppIcon;
				INFOPLIST_FILE = TestUI2/Info.plist;
				LD_RUNPATH_SEARCH_PATHS = "$(inherited) @executable_path/Frameworks";
				PRODUCT_NAME = "$(TARGET_NAME)";
			};
			name = Release;
		};
		8D647F691B01DA22009F7B7E /* Debug */ = {
			isa = XCBuildConfiguration;
			buildSettings = {
				BUNDLE_LOADER = "$(TEST_HOST)";
				FRAMEWORK_SEARCH_PATHS = (
					"$(SDKROOT)/Developer/Library/Frameworks",
					"$(inherited)",
				);
				GCC_PREPROCESSOR_DEFINITIONS = (
					"DEBUG=1",
					"$(inherited)",
				);
				INFOPLIST_FILE = TestUI2Tests/Info.plist;
				LD_RUNPATH_SEARCH_PATHS = "$(inherited) @executable_path/Frameworks @loader_path/Frameworks";
				PRODUCT_NAME = "$(TARGET_NAME)";
				TEST_HOST = "$(BUILT_PRODUCTS_DIR)/TestUI2.app/TestUI2";
			};
			name = Debug;
		};
		8D647F6A1B01DA22009F7B7E /* Release */ = {
			isa = XCBuildConfiguration;
			buildSettings = {
				BUNDLE_LOADER = "$(TEST_HOST)";
				FRAMEWORK_SEARCH_PATHS = (
					"$(SDKROOT)/Developer/Library/Frameworks",
					"$(inherited)",
				);
				INFOPLIST_FILE = TestUI2Tests/Info.plist;
				LD_RUNPATH_SEARCH_PATHS = "$(inherited) @executable_path/Frameworks @loader_path/Frameworks";
				PRODUCT_NAME = "$(TARGET_NAME)";
				TEST_HOST = "$(BUILT_PRODUCTS_DIR)/TestUI2.app/TestUI2";
			};
			name = Release;
		};
/* End XCBuildConfiguration section */

/* Begin XCConfigurationList section */
		8D647F3D1B01DA22009F7B7E /* Build configuration list for PBXProject "TestUI2" */ = {
			isa = XCConfigurationList;
			buildConfigurations = (
				8D647F631B01DA22009F7B7E /* Debug */,
				8D647F641B01DA22009F7B7E /* Release */,
			);
			defaultConfigurationIsVisible = 0;
			defaultConfigurationName = Release;
		};
		8D647F651B01DA22009F7B7E /* Build configuration list for PBXNativeTarget "TestUI2" */ = {
			isa = XCConfigurationList;
			buildConfigurations = (
				8D647F661B01DA22009F7B7E /* Debug */,
				8D647F671B01DA22009F7B7E /* Release */,
			);
			defaultConfigurationIsVisible = 0;
		};
		8D647F681B01DA22009F7B7E /* Build configuration list for PBXNativeTarget "TestUI2Tests" */ = {
			isa = XCConfigurationList;
			buildConfigurations = (
				8D647F691B01DA22009F7B7E /* Debug */,
				8D647F6A1B01DA22009F7B7E /* Release */,
			);
			defaultConfigurationIsVisible = 0;
		};
/* End XCConfigurationList section */
	};
	rootObject = 8D647F3A1B01DA22009F7B7E /* Project object */;
}
